
Microsoft Visual Studio Solution File, Format Version 12.00
# Visual Studio Version 17
VisualStudioVersion = 17.10.35004.147
MinimumVisualStudioVersion = 10.0.40219.1
Project("{8BC9CEB8-8B4A-11D0-8D11-00A0C91BC942}") = "09_delegating_constructors", "09_delegating_constructors.vcxproj", "{3E47ECCE-F945-4DB4-9339-77D8F3E86BAF}"
EndProject
Global
	GlobalSection(SolutionConfigurationPlatforms) = preSolution
		Debug|x64 = Debug|x64
		Debug|x86 = Debug|x86
		Release|x64 = Release|x64
		Release|x86 = Release|x86
	EndGlobalSection
	GlobalSection(ProjectConfigurationPlatforms) = postSolution
		{3E47ECCE-F945-4DB4-9339-77D8F3E86BAF}.Debug|x64.ActiveCfg = Debug|x64
		{3E47ECCE-F945-4DB4-9339-77D8F3E86BAF}.Debug|x64.Build.0 = Debug|x64
		{3E47ECCE-F945-4DB4-9339-77D8F3E86BAF}.Debug|x86.ActiveCfg = Debug|Win32
		{3E47ECCE-F945-4DB4-9339-77D8F3E86BAF}.Debug|x86.Build.0 = Debug|Win32
		{3E47ECCE-F945-4DB4-9339-77D8F3E86BAF}.Release|x64.ActiveCfg = Release|x64
		{3E47ECCE-F945-4DB4-9339-77D8F3E86BAF}.Release|x64.Build.0 = Release|x64
		{3E47ECCE-F945-4DB4-9339-77D8F3E86BAF}.Release|x86.ActiveCfg = Release|Win32
		{3E47ECCE-F945-4DB4-9339-77D8F3E86BAF}.Release|x86.Build.0 = Release|Win32
	EndGlobalSection
	GlobalSection(SolutionProperties) = preSolution
		HideSolutionNode = FALSE
	EndGlobalSection
	GlobalSection(ExtensibilityGlobals) = postSolution
		SolutionGuid = {C336BD62-8F4E-4107-B339-33EBC434BA8A}
	EndGlobalSection
EndGlobal
