
Microsoft Visual Studio Solution File, Format Version 12.00
# Visual Studio Version 17
VisualStudioVersion = 17.7.34202.233
MinimumVisualStudioVersion = 10.0.40219.1
Project("{8BC9CEB8-8B4A-11D0-8D11-00A0C91BC942}") = "06_for_loop", "06_for_loop.vcxproj", "{4A55D5DE-5A8F-4E55-9939-B6E11B567FBE}"
EndProject
Global
	GlobalSection(SolutionConfigurationPlatforms) = preSolution
		Debug|x64 = Debug|x64
		Debug|x86 = Debug|x86
		Release|x64 = Release|x64
		Release|x86 = Release|x86
	EndGlobalSection
	GlobalSection(ProjectConfigurationPlatforms) = postSolution
		{4A55D5DE-5A8F-4E55-9939-B6E11B567FBE}.Debug|x64.ActiveCfg = Debug|x64
		{4A55D5DE-5A8F-4E55-9939-B6E11B567FBE}.Debug|x64.Build.0 = Debug|x64
		{4A55D5DE-5A8F-4E55-9939-B6E11B567FBE}.Debug|x86.ActiveCfg = Debug|Win32
		{4A55D5DE-5A8F-4E55-9939-B6E11B567FBE}.Debug|x86.Build.0 = Debug|Win32
		{4A55D5DE-5A8F-4E55-9939-B6E11B567FBE}.Release|x64.ActiveCfg = Release|x64
		{4A55D5DE-5A8F-4E55-9939-B6E11B567FBE}.Release|x64.Build.0 = Release|x64
		{4A55D5DE-5A8F-4E55-9939-B6E11B567FBE}.Release|x86.ActiveCfg = Release|Win32
		{4A55D5DE-5A8F-4E55-9939-B6E11B567FBE}.Release|x86.Build.0 = Release|Win32
	EndGlobalSection
	GlobalSection(SolutionProperties) = preSolution
		HideSolutionNode = FALSE
	EndGlobalSection
	GlobalSection(ExtensibilityGlobals) = postSolution
		SolutionGuid = {A7086A0E-54E1-4931-9D90-1AE59CF7B5F9}
	EndGlobalSection
EndGlobal
