
Microsoft Visual Studio Solution File, Format Version 12.00
# Visual Studio Version 17
VisualStudioVersion = 17.7.34202.233
MinimumVisualStudioVersion = 10.0.40219.1
Project("{8BC9CEB8-8B4A-11D0-8D11-00A0C91BC942}") = "04_arrays_pointers", "04_arrays_pointers.vcxproj", "{EEFAF489-3486-4F20-A254-58620939878D}"
EndProject
Global
	GlobalSection(SolutionConfigurationPlatforms) = preSolution
		Debug|x64 = Debug|x64
		Debug|x86 = Debug|x86
		Release|x64 = Release|x64
		Release|x86 = Release|x86
	EndGlobalSection
	GlobalSection(ProjectConfigurationPlatforms) = postSolution
		{EEFAF489-3486-4F20-A254-58620939878D}.Debug|x64.ActiveCfg = Debug|x64
		{EEFAF489-3486-4F20-A254-58620939878D}.Debug|x64.Build.0 = Debug|x64
		{EEFAF489-3486-4F20-A254-58620939878D}.Debug|x86.ActiveCfg = Debug|Win32
		{EEFAF489-3486-4F20-A254-58620939878D}.Debug|x86.Build.0 = Debug|Win32
		{EEFAF489-3486-4F20-A254-58620939878D}.Release|x64.ActiveCfg = Release|x64
		{EEFAF489-3486-4F20-A254-58620939878D}.Release|x64.Build.0 = Release|x64
		{EEFAF489-3486-4F20-A254-58620939878D}.Release|x86.ActiveCfg = Release|Win32
		{EEFAF489-3486-4F20-A254-58620939878D}.Release|x86.Build.0 = Release|Win32
	EndGlobalSection
	GlobalSection(SolutionProperties) = preSolution
		HideSolutionNode = FALSE
	EndGlobalSection
	GlobalSection(ExtensibilityGlobals) = postSolution
		SolutionGuid = {0936AE44-4C90-4983-BECC-0DD0B2412698}
	EndGlobalSection
EndGlobal
