
Microsoft Visual Studio Solution File, Format Version 12.00
# Visual Studio Version 17
VisualStudioVersion = 17.10.35004.147
MinimumVisualStudioVersion = 10.0.40219.1
Project("{8BC9CEB8-8B4A-11D0-8D11-00A0C91BC942}") = "10_constructor_parameters_default_values", "10_constructor_parameters_default_values.vcxproj", "{DD4CB852-595B-4536-B598-4D7CE6DEF87B}"
EndProject
Global
	GlobalSection(SolutionConfigurationPlatforms) = preSolution
		Debug|x64 = Debug|x64
		Debug|x86 = Debug|x86
		Release|x64 = Release|x64
		Release|x86 = Release|x86
	EndGlobalSection
	GlobalSection(ProjectConfigurationPlatforms) = postSolution
		{DD4CB852-595B-4536-B598-4D7CE6DEF87B}.Debug|x64.ActiveCfg = Debug|x64
		{DD4CB852-595B-4536-B598-4D7CE6DEF87B}.Debug|x64.Build.0 = Debug|x64
		{DD4CB852-595B-4536-B598-4D7CE6DEF87B}.Debug|x86.ActiveCfg = Debug|Win32
		{DD4CB852-595B-4536-B598-4D7CE6DEF87B}.Debug|x86.Build.0 = Debug|Win32
		{DD4CB852-595B-4536-B598-4D7CE6DEF87B}.Release|x64.ActiveCfg = Release|x64
		{DD4CB852-595B-4536-B598-4D7CE6DEF87B}.Release|x64.Build.0 = Release|x64
		{DD4CB852-595B-4536-B598-4D7CE6DEF87B}.Release|x86.ActiveCfg = Release|Win32
		{DD4CB852-595B-4536-B598-4D7CE6DEF87B}.Release|x86.Build.0 = Release|Win32
	EndGlobalSection
	GlobalSection(SolutionProperties) = preSolution
		HideSolutionNode = FALSE
	EndGlobalSection
	GlobalSection(ExtensibilityGlobals) = postSolution
		SolutionGuid = {419EEB0D-8897-46D7-976E-305FC8F1FEED}
	EndGlobalSection
EndGlobal
